
Microsoft Visual Studio Solution File, Format Version 11.00
# Visual Studio 2010
Project("{FAE04EC0-301F-11D3-BF4B-00C04F79EFBC}") = "FirstAndThird", "Assembly-CSharp-firstpass.csproj", "{051619C2-9DFB-B8E1-520C-F23A7E079545}"
EndProject
Project("{FAE04EC0-301F-11D3-BF4B-00C04F79EFBC}") = "FirstAndThird", "Assembly-CSharp-Editor-firstpass.csproj", "{EA7C0967-3390-F769-ECA4-AF2D42145883}"
EndProject
Global
	GlobalSection(SolutionConfigurationPlatforms) = preSolution
		Debug|Any CPU = Debug|Any CPU
		Release|Any CPU = Release|Any CPU
	EndGlobalSection
	GlobalSection(ProjectConfigurationPlatforms) = postSolution
		{051619C2-9DFB-B8E1-520C-F23A7E079545}.Debug|Any CPU.ActiveCfg = Debug|Any CPU
		{051619C2-9DFB-B8E1-520C-F23A7E079545}.Debug|Any CPU.Build.0 = Debug|Any CPU
		{051619C2-9DFB-B8E1-520C-F23A7E079545}.Release|Any CPU.ActiveCfg = Release|Any CPU
		{051619C2-9DFB-B8E1-520C-F23A7E079545}.Release|Any CPU.Build.0 = Release|Any CPU
		{EA7C0967-3390-F769-ECA4-AF2D42145883}.Debug|Any CPU.ActiveCfg = Debug|Any CPU
		{EA7C0967-3390-F769-ECA4-AF2D42145883}.Debug|Any CPU.Build.0 = Debug|Any CPU
		{EA7C0967-3390-F769-ECA4-AF2D42145883}.Release|Any CPU.ActiveCfg = Release|Any CPU
		{EA7C0967-3390-F769-ECA4-AF2D42145883}.Release|Any CPU.Build.0 = Release|Any CPU
	EndGlobalSection
	GlobalSection(SolutionProperties) = preSolution
		HideSolutionNode = FALSE
	EndGlobalSection
	GlobalSection(MonoDevelopProperties) = preSolution
		StartupItem = Assembly-CSharp.csproj
	EndGlobalSection
EndGlobal
